
Microsoft Visual Studio Solution File, Format Version 12.00
# Visual Studio Version 17
VisualStudioVersion = 17.14.36327.8
MinimumVisualStudioVersion = 10.0.40219.1
Project("{FAE04EC0-301F-11D3-BF4B-00C04F79EFBC}") = "Task1.Compression", "Task1.Compression\Task1.Compression.csproj", "{B5AD54DE-F935-4F6D-A9D5-77674DD9B8D1}"
EndProject
Project("{FAE04EC0-301F-11D3-BF4B-00C04F79EFBC}") = "Task1.Compression.Tests", "Task1.Compression.Tests\Task1.Compression.Tests.csproj", "{C072CE85-F93D-4ECA-A134-543AD47F6EBD}"
EndProject
Project("{FAE04EC0-301F-11D3-BF4B-00C04F79EFBC}") = "Task2.ConcurrentServer", "Task2.ConcurrentServer\Task2.ConcurrentServer.csproj", "{93E7C2C7-4403-4D05-BCFB-28720D88DAB3}"
EndProject
Project("{FAE04EC0-301F-11D3-BF4B-00C04F79EFBC}") = "Task2.ConcurrentServer.Tests", "Task2.ConcurrentServer.Tests\Task2.ConcurrentServer.Tests.csproj", "{87500FD6-8666-4846-8662-0B49975B4613}"
EndProject
Project("{FAE04EC0-301F-11D3-BF4B-00C04F79EFBC}") = "Task3.LogStandardizer", "Task3.LogStandardizer\Task3.LogStandardizer.csproj", "{DFD82E1D-C28A-4F0F-A3FF-9A03728C5936}"
EndProject
Project("{FAE04EC0-301F-11D3-BF4B-00C04F79EFBC}") = "Task3.LogStandardizer.Tests", "Task3.LogStandardizer.Tests\Task3.LogStandardizer.Tests.csproj", "{6D6AC98D-6445-48AF-AB19-F1D3CB58A717}"
EndProject
Project("{2150E333-8FDC-42A3-9474-1A3956D46DE8}") = "Элементы решения", "Элементы решения", "{754FC069-D67B-A9D7-50A1-8D1CA196D8F1}"
	ProjectSection(SolutionItems) = preProject
		readme.md = readme.md
	EndProjectSection
EndProject
Global
	GlobalSection(SolutionConfigurationPlatforms) = preSolution
		Debug|Any CPU = Debug|Any CPU
		Release|Any CPU = Release|Any CPU
	EndGlobalSection
	GlobalSection(ProjectConfigurationPlatforms) = postSolution
		{B5AD54DE-F935-4F6D-A9D5-77674DD9B8D1}.Debug|Any CPU.ActiveCfg = Debug|Any CPU
		{B5AD54DE-F935-4F6D-A9D5-77674DD9B8D1}.Debug|Any CPU.Build.0 = Debug|Any CPU
		{B5AD54DE-F935-4F6D-A9D5-77674DD9B8D1}.Release|Any CPU.ActiveCfg = Release|Any CPU
		{B5AD54DE-F935-4F6D-A9D5-77674DD9B8D1}.Release|Any CPU.Build.0 = Release|Any CPU
		{C072CE85-F93D-4ECA-A134-543AD47F6EBD}.Debug|Any CPU.ActiveCfg = Debug|Any CPU
		{C072CE85-F93D-4ECA-A134-543AD47F6EBD}.Debug|Any CPU.Build.0 = Debug|Any CPU
		{C072CE85-F93D-4ECA-A134-543AD47F6EBD}.Release|Any CPU.ActiveCfg = Release|Any CPU
		{C072CE85-F93D-4ECA-A134-543AD47F6EBD}.Release|Any CPU.Build.0 = Release|Any CPU
		{93E7C2C7-4403-4D05-BCFB-28720D88DAB3}.Debug|Any CPU.ActiveCfg = Debug|Any CPU
		{93E7C2C7-4403-4D05-BCFB-28720D88DAB3}.Debug|Any CPU.Build.0 = Debug|Any CPU
		{93E7C2C7-4403-4D05-BCFB-28720D88DAB3}.Release|Any CPU.ActiveCfg = Release|Any CPU
		{93E7C2C7-4403-4D05-BCFB-28720D88DAB3}.Release|Any CPU.Build.0 = Release|Any CPU
		{87500FD6-8666-4846-8662-0B49975B4613}.Debug|Any CPU.ActiveCfg = Debug|Any CPU
		{87500FD6-8666-4846-8662-0B49975B4613}.Debug|Any CPU.Build.0 = Debug|Any CPU
		{87500FD6-8666-4846-8662-0B49975B4613}.Release|Any CPU.ActiveCfg = Release|Any CPU
		{87500FD6-8666-4846-8662-0B49975B4613}.Release|Any CPU.Build.0 = Release|Any CPU
		{DFD82E1D-C28A-4F0F-A3FF-9A03728C5936}.Debug|Any CPU.ActiveCfg = Debug|Any CPU
		{DFD82E1D-C28A-4F0F-A3FF-9A03728C5936}.Debug|Any CPU.Build.0 = Debug|Any CPU
		{DFD82E1D-C28A-4F0F-A3FF-9A03728C5936}.Release|Any CPU.ActiveCfg = Release|Any CPU
		{DFD82E1D-C28A-4F0F-A3FF-9A03728C5936}.Release|Any CPU.Build.0 = Release|Any CPU
		{6D6AC98D-6445-48AF-AB19-F1D3CB58A717}.Debug|Any CPU.ActiveCfg = Debug|Any CPU
		{6D6AC98D-6445-48AF-AB19-F1D3CB58A717}.Debug|Any CPU.Build.0 = Debug|Any CPU
		{6D6AC98D-6445-48AF-AB19-F1D3CB58A717}.Release|Any CPU.ActiveCfg = Release|Any CPU
		{6D6AC98D-6445-48AF-AB19-F1D3CB58A717}.Release|Any CPU.Build.0 = Release|Any CPU
	EndGlobalSection
	GlobalSection(SolutionProperties) = preSolution
		HideSolutionNode = FALSE
	EndGlobalSection
	GlobalSection(ExtensibilityGlobals) = postSolution
		SolutionGuid = {F25B701E-1158-47C5-AFF8-9CA107AC9A35}
	EndGlobalSection
EndGlobal
